// !$*UTF8*$!
{
	archiveVersion = 1;
	classes = {
	};
	objectVersion = 50;
	objects = {

/* Begin PBXBuildFile section */
		01D5699E954C9FCA96E9DDE3 /* Pods_OriginalTask.framework in Frameworks */ = {isa = PBXBuildFile; fileRef = F3D9B289A61A96BEE79DCD81 /* Pods_OriginalTask.framework */; };
		B227A033254143D800E97AEA /* AppDelegate.swift in Sources */ = {isa = PBXBuildFile; fileRef = B227A032254143D800E97AEA /* AppDelegate.swift */; };
		B227A035254143D800E97AEA /* SceneDelegate.swift in Sources */ = {isa = PBXBuildFile; fileRef = B227A034254143D800E97AEA /* SceneDelegate.swift */; };
		B227A037254143D800E97AEA /* ViewController.swift in Sources */ = {isa = PBXBuildFile; fileRef = B227A036254143D800E97AEA /* ViewController.swift */; };
		B227A03A254143D800E97AEA /* Main.storyboard in Resources */ = {isa = PBXBuildFile; fileRef = B227A038254143D800E97AEA /* Main.storyboard */; };
		B227A03C254143DA00E97AEA /* Assets.xcassets in Resources */ = {isa = PBXBuildFile; fileRef = B227A03B254143DA00E97AEA /* Assets.xcassets */; };
		B227A03F254143DA00E97AEA /* LaunchScreen.storyboard in Resources */ = {isa = PBXBuildFile; fileRef = B227A03D254143DA00E97AEA /* LaunchScreen.storyboard */; };
		B227A04725414EB600E97AEA /* InputViewController.swift in Sources */ = {isa = PBXBuildFile; fileRef = B227A04625414EB600E97AEA /* InputViewController.swift */; };
/* End PBXBuildFile section */

/* Begin PBXFileReference section */
		320B18F0F717010BD8FF7778 /* Pods-OriginalTask.debug.xcconfig */ = {isa = PBXFileReference; includeInIndex = 1; lastKnownFileType = text.xcconfig; name = "Pods-OriginalTask.debug.xcconfig"; path = "Target Support Files/Pods-OriginalTask/Pods-OriginalTask.debug.xcconfig"; sourceTree = "<group>"; };
		B227A02F254143D800E97AEA /* OriginalTask.app */ = {isa = PBXFileReference; explicitFileType = wrapper.application; includeInIndex = 0; path = OriginalTask.app; sourceTree = BUILT_PRODUCTS_DIR; };
		B227A032254143D800E97AEA /* AppDelegate.swift */ = {isa = PBXFileReference; lastKnownFileType = sourcecode.swift; path = AppDelegate.swift; sourceTree = "<group>"; };
		B227A034254143D800E97AEA /* SceneDelegate.swift */ = {isa = PBXFileReference; lastKnownFileType = sourcecode.swift; path = SceneDelegate.swift; sourceTree = "<group>"; };
		B227A036254143D800E97AEA /* ViewController.swift */ = {isa = PBXFileReference; lastKnownFileType = sourcecode.swift; path = ViewController.swift; sourceTree = "<group>"; };
		B227A039254143D800E97AEA /* Base */ = {isa = PBXFileReference; lastKnownFileType = file.storyboard; name = Base; path = Base.lproj/Main.storyboard; sourceTree = "<group>"; };
		B227A03B254143DA00E97AEA /* Assets.xcassets */ = {isa = PBXFileReference; lastKnownFileType = folder.assetcatalog; path = Assets.xcassets; sourceTree = "<group>"; };
		B227A03E254143DA00E97AEA /* Base */ = {isa = PBXFileReference; lastKnownFileType = file.storyboard; name = Base; path = Base.lproj/LaunchScreen.storyboard; sourceTree = "<group>"; };
		B227A040254143DA00E97AEA /* Info.plist */ = {isa = PBXFileReference; lastKnownFileType = text.plist.xml; path = Info.plist; sourceTree = "<group>"; };
		B227A04625414EB600E97AEA /* InputViewController.swift */ = {isa = PBXFileReference; lastKnownFileType = sourcecode.swift; path = InputViewController.swift; sourceTree = "<group>"; };
		CB230FA3ED41D65BE3F0654C /* Pods-OriginalTask.release.xcconfig */ = {isa = PBXFileReference; includeInIndex = 1; lastKnownFileType = text.xcconfig; name = "Pods-OriginalTask.release.xcconfig"; path = "Target Support Files/Pods-OriginalTask/Pods-OriginalTask.release.xcconfig"; sourceTree = "<group>"; };
		F3D9B289A61A96BEE79DCD81 /* Pods_OriginalTask.framework */ = {isa = PBXFileReference; explicitFileType = wrapper.framework; includeInIndex = 0; path = Pods_OriginalTask.framework; sourceTree = BUILT_PRODUCTS_DIR; };
/* End PBXFileReference section */

/* Begin PBXFrameworksBuildPhase section */
		B227A02C254143D800E97AEA /* Frameworks */ = {
			isa = PBXFrameworksBuildPhase;
			buildActionMask = 2147483647;
			files = (
				01D5699E954C9FCA96E9DDE3 /* Pods_OriginalTask.framework in Frameworks */,
			);
			runOnlyForDeploymentPostprocessing = 0;
		};
/* End PBXFrameworksBuildPhase section */

/* Begin PBXGroup section */
		07A0B62D23C037A5C5C3EFB8 /* Pods */ = {
			isa = PBXGroup;
			children = (
				320B18F0F717010BD8FF7778 /* Pods-OriginalTask.debug.xcconfig */,
				CB230FA3ED41D65BE3F0654C /* Pods-OriginalTask.release.xcconfig */,
			);
			name = Pods;
			path = Pods;
			sourceTree = "<group>";
		};
		83D4857F6CAF3227EF54D1A4 /* Frameworks */ = {
			isa = PBXGroup;
			children = (
				F3D9B289A61A96BEE79DCD81 /* Pods_OriginalTask.framework */,
			);
			name = Frameworks;
			sourceTree = "<group>";
		};
		B227A026254143D800E97AEA = {
			isa = PBXGroup;
			children = (
				B227A031254143D800E97AEA /* OriginalTask */,
				B227A030254143D800E97AEA /* Products */,
				07A0B62D23C037A5C5C3EFB8 /* Pods */,
				83D4857F6CAF3227EF54D1A4 /* Frameworks */,
			);
			sourceTree = "<group>";
		};
		B227A030254143D800E97AEA /* Products */ = {
			isa = PBXGroup;
			children = (
				B227A02F254143D800E97AEA /* OriginalTask.app */,
			);
			name = Products;
			sourceTree = "<group>";
		};
		B227A031254143D800E97AEA /* OriginalTask */ = {
			isa = PBXGroup;
			children = (
				B227A032254143D800E97AEA /* AppDelegate.swift */,
				B227A034254143D800E97AEA /* SceneDelegate.swift */,
				B227A036254143D800E97AEA /* ViewController.swift */,
				B227A038254143D800E97AEA /* Main.storyboard */,
				B227A04625414EB600E97AEA /* InputViewController.swift */,
				B227A03B254143DA00E97AEA /* Assets.xcassets */,
				B227A03D254143DA00E97AEA /* LaunchScreen.storyboard */,
				B227A040254143DA00E97AEA /* Info.plist */,
			);
			path = OriginalTask;
			sourceTree = "<group>";
		};
/* End PBXGroup section */

/* Begin PBXNativeTarget section */
		B227A02E254143D800E97AEA /* OriginalTask */ = {
			isa = PBXNativeTarget;
			buildConfigurationList = B227A043254143DA00E97AEA /* Build configuration list for PBXNativeTarget "OriginalTask" */;
			buildPhases = (
				B45B032CF66EF75D480003B9 /* [CP] Check Pods Manifest.lock */,
				B227A02B254143D800E97AEA /* Sources */,
				B227A02C254143D800E97AEA /* Frameworks */,
				B227A02D254143D800E97AEA /* Resources */,
				81BDA67B967A61051C3EC1CD /* [CP] Embed Pods Frameworks */,
			);
			buildRules = (
			);
			dependencies = (
			);
			name = OriginalTask;
			productName = OriginalTask;
			productReference = B227A02F254143D800E97AEA /* OriginalTask.app */;
			productType = "com.apple.product-type.application";
		};
/* End PBXNativeTarget section */

/* Begin PBXProject section */
		B227A027254143D800E97AEA /* Project object */ = {
			isa = PBXProject;
			attributes = {
				LastSwiftUpdateCheck = 1150;
				LastUpgradeCheck = 1150;
				ORGANIZATIONNAME = toya.miura;
				TargetAttributes = {
					B227A02E254143D800E97AEA = {
						CreatedOnToolsVersion = 11.5;
					};
				};
			};
			buildConfigurationList = B227A02A254143D800E97AEA /* Build configuration list for PBXProject "OriginalTask" */;
			compatibilityVersion = "Xcode 9.3";
			developmentRegion = en;
			hasScannedForEncodings = 0;
			knownRegions = (
				en,
				Base,
			);
			mainGroup = B227A026254143D800E97AEA;
			productRefGroup = B227A030254143D800E97AEA /* Products */;
			projectDirPath = "";
			projectRoot = "";
			targets = (
				B227A02E254143D800E97AEA /* OriginalTask */,
			);
		};
/* End PBXProject section */

/* Begin PBXResourcesBuildPhase section */
		B227A02D254143D800E97AEA /* Resources */ = {
			isa = PBXResourcesBuildPhase;
			buildActionMask = 2147483647;
			files = (
				B227A03F254143DA00E97AEA /* LaunchScreen.storyboard in Resources */,
				B227A03C254143DA00E97AEA /* Assets.xcassets in Resources */,
				B227A03A254143D800E97AEA /* Main.storyboard in Resources */,
			);
			runOnlyForDeploymentPostprocessing = 0;
		};
/* End PBXResourcesBuildPhase section */

/* Begin PBXShellScriptBuildPhase section */
		81BDA67B967A61051C3EC1CD /* [CP] Embed Pods Frameworks */ = {
			isa = PBXShellScriptBuildPhase;
			buildActionMask = 2147483647;
			files = (
			);
			inputFileListPaths = (
				"${PODS_ROOT}/Target Support Files/Pods-OriginalTask/Pods-OriginalTask-frameworks-${CONFIGURATION}-input-files.xcfilelist",
			);
			name = "[CP] Embed Pods Frameworks";
			outputFileListPaths = (
				"${PODS_ROOT}/Target Support Files/Pods-OriginalTask/Pods-OriginalTask-frameworks-${CONFIGURATION}-output-files.xcfilelist",
			);
			runOnlyForDeploymentPostprocessing = 0;
			shellPath = /bin/sh;
			shellScript = "\"${PODS_ROOT}/Target Support Files/Pods-OriginalTask/Pods-OriginalTask-frameworks.sh\"\n";
			showEnvVarsInLog = 0;
		};
		B45B032CF66EF75D480003B9 /* [CP] Check Pods Manifest.lock */ = {
			isa = PBXShellScriptBuildPhase;
			buildActionMask = 2147483647;
			files = (
			);
			inputFileListPaths = (
			);
			inputPaths = (
				"${PODS_PODFILE_DIR_PATH}/Podfile.lock",
				"${PODS_ROOT}/Manifest.lock",
			);
			name = "[CP] Check Pods Manifest.lock";
			outputFileListPaths = (
			);
			outputPaths = (
				"$(DERIVED_FILE_DIR)/Pods-OriginalTask-checkManifestLockResult.txt",
			);
			runOnlyForDeploymentPostprocessing = 0;
			shellPath = /bin/sh;
			shellScript = "diff \"${PODS_PODFILE_DIR_PATH}/Podfile.lock\" \"${PODS_ROOT}/Manifest.lock\" > /dev/null\nif [ $? != 0 ] ; then\n    # print error to STDERR\n    echo \"error: The sandbox is not in sync with the Podfile.lock. Run 'pod install' or update your CocoaPods installation.\" >&2\n    exit 1\nfi\n# This output is used by Xcode 'outputs' to avoid re-running this script phase.\necho \"SUCCESS\" > \"${SCRIPT_OUTPUT_FILE_0}\"\n";
			showEnvVarsInLog = 0;
		};
/* End PBXShellScriptBuildPhase section */

/* Begin PBXSourcesBuildPhase section */
		B227A02B254143D800E97AEA /* Sources */ = {
			isa = PBXSourcesBuildPhase;
			buildActionMask = 2147483647;
			files = (
				B227A037254143D800E97AEA /* ViewController.swift in Sources */,
				B227A033254143D800E97AEA /* AppDelegate.swift in Sources */,
				B227A035254143D800E97AEA /* SceneDelegate.swift in Sources */,
				B227A04725414EB600E97AEA /* InputViewController.swift in Sources */,
			);
			runOnlyForDeploymentPostprocessing = 0;
		};
/* End PBXSourcesBuildPhase section */

/* Begin PBXVariantGroup section */
		B227A038254143D800E97AEA /* Main.storyboard */ = {
			isa = PBXVariantGroup;
			children = (
				B227A039254143D800E97AEA /* Base */,
			);
			name = Main.storyboard;
			sourceTree = "<group>";
		};
		B227A03D254143DA00E97AEA /* LaunchScreen.storyboard */ = {
			isa = PBXVariantGroup;
			children = (
				B227A03E254143DA00E97AEA /* Base */,
			);
			name = LaunchScreen.storyboard;
			sourceTree = "<group>";
		};
/* End PBXVariantGroup section */

/* Begin XCBuildConfiguration section */
		B227A041254143DA00E97AEA /* Debug */ = {
			isa = XCBuildConfiguration;
			buildSettings = {
				ALWAYS_SEARCH_USER_PATHS = NO;
				CLANG_ANALYZER_NONNULL = YES;
				CLANG_ANALYZER_NUMBER_OBJECT_CONVERSION = YES_AGGRESSIVE;
				CLANG_CXX_LANGUAGE_STANDARD = "gnu++14";
				CLANG_CXX_LIBRARY = "libc++";
				CLANG_ENABLE_MODULES = YES;
				CLANG_ENABLE_OBJC_ARC = YES;
				CLANG_ENABLE_OBJC_WEAK = YES;
				CLANG_WARN_BLOCK_CAPTURE_AUTORELEASING = YES;
				CLANG_WARN_BOOL_CONVERSION = YES;
				CLANG_WARN_COMMA = YES;
				CLANG_WARN_CONSTANT_CONVERSION = YES;
				CLANG_WARN_DEPRECATED_OBJC_IMPLEMENTATIONS = YES;
				CLANG_WARN_DIRECT_OBJC_ISA_USAGE = YES_ERROR;
				CLANG_WARN_DOCUMENTATION_COMMENTS = YES;
				CLANG_WARN_EMPTY_BODY = YES;
				CLANG_WARN_ENUM_CONVERSION = YES;
				CLANG_WARN_INFINITE_RECURSION = YES;
				CLANG_WARN_INT_CONVERSION = YES;
				CLANG_WARN_NON_LITERAL_NULL_CONVERSION = YES;
				CLANG_WARN_OBJC_IMPLICIT_RETAIN_SELF = YES;
				CLANG_WARN_OBJC_LITERAL_CONVERSION = YES;
				CLANG_WARN_OBJC_ROOT_CLASS = YES_ERROR;
				CLANG_WARN_RANGE_LOOP_ANALYSIS = YES;
				CLANG_WARN_STRICT_PROTOTYPES = YES;
				CLANG_WARN_SUSPICIOUS_MOVE = YES;
				CLANG_WARN_UNGUARDED_AVAILABILITY = YES_AGGRESSIVE;
				CLANG_WARN_UNREACHABLE_CODE = YES;
				CLANG_WARN__DUPLICATE_METHOD_MATCH = YES;
				COPY_PHASE_STRIP = NO;
				DEBUG_INFORMATION_FORMAT = dwarf;
				ENABLE_STRICT_OBJC_MSGSEND = YES;
				ENABLE_TESTABILITY = YES;
				GCC_C_LANGUAGE_STANDARD = gnu11;
				GCC_DYNAMIC_NO_PIC = NO;
				GCC_NO_COMMON_BLOCKS = YES;
				GCC_OPTIMIZATION_LEVEL = 0;
				GCC_PREPROCESSOR_DEFINITIONS = (
					"DEBUG=1",
					"$(inherited)",
				);
				GCC_WARN_64_TO_32_BIT_CONVERSION = YES;
				GCC_WARN_ABOUT_RETURN_TYPE = YES_ERROR;
				GCC_WARN_UNDECLARED_SELECTOR = YES;
				GCC_WARN_UNINITIALIZED_AUTOS = YES_AGGRESSIVE;
				GCC_WARN_UNUSED_FUNCTION = YES;
				GCC_WARN_UNUSED_VARIABLE = YES;
				IPHONEOS_DEPLOYMENT_TARGET = 13.5;
				MTL_ENABLE_DEBUG_INFO = INCLUDE_SOURCE;
				MTL_FAST_MATH = YES;
				ONLY_ACTIVE_ARCH = YES;
				SDKROOT = iphoneos;
				SWIFT_ACTIVE_COMPILATION_CONDITIONS = DEBUG;
				SWIFT_OPTIMIZATION_LEVEL = "-Onone";
			};
			name = Debug;
		};
		B227A042254143DA00E97AEA /* Release */ = {
			isa = XCBuildConfiguration;
			buildSettings = {
				ALWAYS_SEARCH_USER_PATHS = NO;
				CLANG_ANALYZER_NONNULL = YES;
				CLANG_ANALYZER_NUMBER_OBJECT_CONVERSION = YES_AGGRESSIVE;
				CLANG_CXX_LANGUAGE_STANDARD = "gnu++14";
				CLANG_CXX_LIBRARY = "libc++";
				CLANG_ENABLE_MODULES = YES;
				CLANG_ENABLE_OBJC_ARC = YES;
				CLANG_ENABLE_OBJC_WEAK = YES;
				CLANG_WARN_BLOCK_CAPTURE_AUTORELEASING = YES;
				CLANG_WARN_BOOL_CONVERSION = YES;
				CLANG_WARN_COMMA = YES;
				CLANG_WARN_CONSTANT_CONVERSION = YES;
				CLANG_WARN_DEPRECATED_OBJC_IMPLEMENTATIONS = YES;
				CLANG_WARN_DIRECT_OBJC_ISA_USAGE = YES_ERROR;
				CLANG_WARN_DOCUMENTATION_COMMENTS = YES;
				CLANG_WARN_EMPTY_BODY = YES;
				CLANG_WARN_ENUM_CONVERSION = YES;
				CLANG_WARN_INFINITE_RECURSION = YES;
				CLANG_WARN_INT_CONVERSION = YES;
				CLANG_WARN_NON_LITERAL_NULL_CONVERSION = YES;
				CLANG_WARN_OBJC_IMPLICIT_RETAIN_SELF = YES;
				CLANG_WARN_OBJC_LITERAL_CONVERSION = YES;
				CLANG_WARN_OBJC_ROOT_CLASS = YES_ERROR;
				CLANG_WARN_RANGE_LOOP_ANALYSIS = YES;
				CLANG_WARN_STRICT_PROTOTYPES = YES;
				CLANG_WARN_SUSPICIOUS_MOVE = YES;
				CLANG_WARN_UNGUARDED_AVAILABILITY = YES_AGGRESSIVE;
				CLANG_WARN_UNREACHABLE_CODE = YES;
				CLANG_WARN__DUPLICATE_METHOD_MATCH = YES;
				COPY_PHASE_STRIP = NO;
				DEBUG_INFORMATION_FORMAT = "dwarf-with-dsym";
				ENABLE_NS_ASSERTIONS = NO;
				ENABLE_STRICT_OBJC_MSGSEND = YES;
				GCC_C_LANGUAGE_STANDARD = gnu11;
				GCC_NO_COMMON_BLOCKS = YES;
				GCC_WARN_64_TO_32_BIT_CONVERSION = YES;
				GCC_WARN_ABOUT_RETURN_TYPE = YES_ERROR;
				GCC_WARN_UNDECLARED_SELECTOR = YES;
				GCC_WARN_UNINITIALIZED_AUTOS = YES_AGGRESSIVE;
				GCC_WARN_UNUSED_FUNCTION = YES;
				GCC_WARN_UNUSED_VARIABLE = YES;
				IPHONEOS_DEPLOYMENT_TARGET = 13.5;
				MTL_ENABLE_DEBUG_INFO = NO;
				MTL_FAST_MATH = YES;
				SDKROOT = iphoneos;
				SWIFT_COMPILATION_MODE = wholemodule;
				SWIFT_OPTIMIZATION_LEVEL = "-O";
				VALIDATE_PRODUCT = YES;
			};
			name = Release;
		};
		B227A044254143DA00E97AEA /* Debug */ = {
			isa = XCBuildConfiguration;
			baseConfigurationReference = 320B18F0F717010BD8FF7778 /* Pods-OriginalTask.debug.xcconfig */;
			buildSettings = {
				ASSETCATALOG_COMPILER_APPICON_NAME = AppIcon;
				CODE_SIGN_STYLE = Automatic;
				DEVELOPMENT_TEAM = JBN38UMB62;
				INFOPLIST_FILE = OriginalTask/Info.plist;
				LD_RUNPATH_SEARCH_PATHS = (
					"$(inherited)",
					"@executable_path/Frameworks",
				);
				PRODUCT_BUNDLE_IDENTIFIER = jp.techacademy.toya.miura.OriginalTask;
				PRODUCT_NAME = "$(TARGET_NAME)";
				SWIFT_VERSION = 5.0;
				TARGETED_DEVICE_FAMILY = "1,2";
			};
			name = Debug;
		};
		B227A045254143DA00E97AEA /* Release */ = {
			isa = XCBuildConfiguration;
			baseConfigurationReference = CB230FA3ED41D65BE3F0654C /* Pods-OriginalTask.release.xcconfig */;
			buildSettings = {
				ASSETCATALOG_COMPILER_APPICON_NAME = AppIcon;
				CODE_SIGN_STYLE = Automatic;
				DEVELOPMENT_TEAM = JBN38UMB62;
				INFOPLIST_FILE = OriginalTask/Info.plist;
				LD_RUNPATH_SEARCH_PATHS = (
					"$(inherited)",
					"@executable_path/Frameworks",
				);
				PRODUCT_BUNDLE_IDENTIFIER = jp.techacademy.toya.miura.OriginalTask;
				PRODUCT_NAME = "$(TARGET_NAME)";
				SWIFT_VERSION = 5.0;
				TARGETED_DEVICE_FAMILY = "1,2";
			};
			name = Release;
		};
/* End XCBuildConfiguration section */

/* Begin XCConfigurationList section */
		B227A02A254143D800E97AEA /* Build configuration list for PBXProject "OriginalTask" */ = {
			isa = XCConfigurationList;
			buildConfigurations = (
				B227A041254143DA00E97AEA /* Debug */,
				B227A042254143DA00E97AEA /* Release */,
			);
			defaultConfigurationIsVisible = 0;
			defaultConfigurationName = Release;
		};
		B227A043254143DA00E97AEA /* Build configuration list for PBXNativeTarget "OriginalTask" */ = {
			isa = XCConfigurationList;
			buildConfigurations = (
				B227A044254143DA00E97AEA /* Debug */,
				B227A045254143DA00E97AEA /* Release */,
			);
			defaultConfigurationIsVisible = 0;
			defaultConfigurationName = Release;
		};
/* End XCConfigurationList section */
	};
	rootObject = B227A027254143D800E97AEA /* Project object */;
}
